<?xml version="1.0" encoding="utf-8"?>
<Project ToolsVersion="4.0" xmlns="http://schemas.microsoft.com/developer/msbuild/2003">
  <ItemGroup>
    <Filter Include="Source Files">
      <UniqueIdentifier>{4FC737F1-C7A5-4376-A066-2A32D752A2FF}</UniqueIdentifier>
      <Extensions>cpp;c;cc;cxx;def;odl;idl;hpj;bat;asm;asmx</Extensions>
    </Filter>
    <Filter Include="src">
      <UniqueIdentifier>{bad5b4bb-9ab9-4522-bef9-ceb9e8cc5731}</UniqueIdentifier>
    </Filter>
  </ItemGroup>
  <ItemGroup>
    <ClCompile Include="example.cpp">
      <Filter>Source Files</Filter>
    </ClCompile>
    <ClCompile Include="timer.cpp">
      <Filter>Source Files</Filter>
    </ClCompile>
    <ClCompile Include="..\parser\mpError.cpp">
      <Filter>src</Filter>
    </ClCompile>
    <ClCompile Include="..\parser\mpFuncCmplx.cpp">
      <Filter>src</Filter>
    </ClCompile>
    <ClCompile Include="..\parser\mpFuncCommon.cpp">
      <Filter>src</Filter>
    </ClCompile>
    <ClCompile Include="..\parser\mpFuncMatrix.cpp">
      <Filter>src</Filter>
    </ClCompile>
    <ClCompile Include="..\parser\mpFuncNonCmplx.cpp">
      <Filter>src</Filter>
    </ClCompile>
    <ClCompile Include="..\parser\mpFuncStr.cpp">
      <Filter>src</Filter>
    </ClCompile>
    <ClCompile Include="..\parser\mpICallback.cpp">
      <Filter>src</Filter>
    </ClCompile>
    <ClCompile Include="..\parser\mpIfThenElse.cpp">
      <Filter>src</Filter>
    </ClCompile>
    <ClCompile Include="..\parser\mpIOprt.cpp">
      <Filter>src</Filter>
    </ClCompile>
    <ClCompile Include="..\parser\mpIPackage.cpp">
      <Filter>src</Filter>
    </ClCompile>
    <ClCompile Include="..\parser\mpIToken.cpp">
      <Filter>src</Filter>
    </ClCompile>
    <ClCompile Include="..\parser\mpIValReader.cpp">
      <Filter>src</Filter>
    </ClCompile>
    <ClCompile Include="..\parser\mpIValue.cpp">
      <Filter>src</Filter>
    </ClCompile>
    <ClCompile Include="..\parser\mpOprtBinAssign.cpp">
      <Filter>src</Filter>
    </ClCompile>
    <ClCompile Include="..\parser\mpOprtBinCommon.cpp">
      <Filter>src</Filter>
    </ClCompile>
    <ClCompile Include="..\parser\mpOprtCmplx.cpp">
      <Filter>src</Filter>
    </ClCompile>
    <ClCompile Include="..\parser\mpOprtIndex.cpp">
      <Filter>src</Filter>
    </ClCompile>
    <ClCompile Include="..\parser\mpOprtMatrix.cpp">
      <Filter>src</Filter>
    </ClCompile>
    <ClCompile Include="..\parser\mpOprtNonCmplx.cpp">
      <Filter>src</Filter>
    </ClCompile>
    <ClCompile Include="..\parser\mpOprtPostfixCommon.cpp">
      <Filter>src</Filter>
    </ClCompile>
    <ClCompile Include="..\parser\mpPackageCmplx.cpp">
      <Filter>src</Filter>
    </ClCompile>
    <ClCompile Include="..\parser\mpPackageCommon.cpp">
      <Filter>src</Filter>
    </ClCompile>
    <ClCompile Include="..\parser\mpPackageMatrix.cpp">
      <Filter>src</Filter>
    </ClCompile>
    <ClCompile Include="..\parser\mpPackageNonCmplx.cpp">
      <Filter>src</Filter>
    </ClCompile>
    <ClCompile Include="..\parser\mpPackageStr.cpp">
      <Filter>src</Filter>
    </ClCompile>
    <ClCompile Include="..\parser\mpPackageUnit.cpp">
      <Filter>src</Filter>
    </ClCompile>
    <ClCompile Include="..\parser\mpParser.cpp">
      <Filter>src</Filter>
    </ClCompile>
    <ClCompile Include="..\parser\mpParserBase.cpp">
      <Filter>src</Filter>
    </ClCompile>
    <ClCompile Include="..\parser\mpParserMessageProvider.cpp">
      <Filter>src</Filter>
    </ClCompile>
    <ClCompile Include="..\parser\mpRPN.cpp">
      <Filter>src</Filter>
    </ClCompile>
    <ClCompile Include="..\parser\mpScriptTokens.cpp">
      <Filter>src</Filter>
    </ClCompile>
    <ClCompile Include="..\parser\mpTest.cpp">
      <Filter>src</Filter>
    </ClCompile>
    <ClCompile Include="..\parser\mpTokenReader.cpp">
      <Filter>src</Filter>
    </ClCompile>
    <ClCompile Include="..\parser\mpValReader.cpp">
      <Filter>src</Filter>
    </ClCompile>
    <ClCompile Include="..\parser\mpValue.cpp">
      <Filter>src</Filter>
    </ClCompile>
    <ClCompile Include="..\parser\mpValueCache.cpp">
      <Filter>src</Filter>
    </ClCompile>
    <ClCompile Include="..\parser\mpVariable.cpp">
      <Filter>src</Filter>
    </ClCompile>
  </ItemGroup>
  <ItemGroup>
    <ClInclude Include="..\parser\mpCompat.h">
      <Filter>src</Filter>
    </ClInclude>
    <ClInclude Include="..\parser\mpDefines.h">
      <Filter>src</Filter>
    </ClInclude>
    <ClInclude Include="..\parser\mpError.h">
      <Filter>src</Filter>
    </ClInclude>
    <ClInclude Include="..\parser\mpFuncCmplx.h">
      <Filter>src</Filter>
    </ClInclude>
    <ClInclude Include="..\parser\mpFuncCommon.h">
      <Filter>src</Filter>
    </ClInclude>
    <ClInclude Include="..\parser\mpFuncMatrix.h">
      <Filter>src</Filter>
    </ClInclude>
    <ClInclude Include="..\parser\mpFuncNonCmplx.h">
      <Filter>src</Filter>
    </ClInclude>
    <ClInclude Include="..\parser\mpFuncStr.h">
      <Filter>src</Filter>
    </ClInclude>
    <ClInclude Include="..\parser\mpFwdDecl.h">
      <Filter>src</Filter>
    </ClInclude>
    <ClInclude Include="..\parser\mpICallback.h">
      <Filter>src</Filter>
    </ClInclude>
    <ClInclude Include="..\parser\mpIfThenElse.h">
      <Filter>src</Filter>
    </ClInclude>
    <ClInclude Include="..\parser\mpIOprt.h">
      <Filter>src</Filter>
    </ClInclude>
    <ClInclude Include="..\parser\mpIPackage.h">
      <Filter>src</Filter>
    </ClInclude>
    <ClInclude Include="..\parser\mpIPrecedence.h">
      <Filter>src</Filter>
    </ClInclude>
    <ClInclude Include="..\parser\mpIToken.h">
      <Filter>src</Filter>
    </ClInclude>
    <ClInclude Include="..\parser\mpIValReader.h">
      <Filter>src</Filter>
    </ClInclude>
    <ClInclude Include="..\parser\mpIValue.h">
      <Filter>src</Filter>
    </ClInclude>
    <ClInclude Include="..\parser\mpMatrix.h">
      <Filter>src</Filter>
    </ClInclude>
    <ClInclude Include="..\parser\mpMatrixError.h">
      <Filter>src</Filter>
    </ClInclude>
    <ClInclude Include="..\parser\mpOprtBinAssign.h">
      <Filter>src</Filter>
    </ClInclude>
    <ClInclude Include="..\parser\mpOprtBinCommon.h">
      <Filter>src</Filter>
    </ClInclude>
    <ClInclude Include="..\parser\mpOprtCmplx.h">
      <Filter>src</Filter>
    </ClInclude>
    <ClInclude Include="..\parser\mpOprtIndex.h">
      <Filter>src</Filter>
    </ClInclude>
    <ClInclude Include="..\parser\mpOprtMatrix.h">
      <Filter>src</Filter>
    </ClInclude>
    <ClInclude Include="..\parser\mpOprtNonCmplx.h">
      <Filter>src</Filter>
    </ClInclude>
    <ClInclude Include="..\parser\mpOprtPostfixCommon.h">
      <Filter>src</Filter>
    </ClInclude>
    <ClInclude Include="..\parser\mpPackageCmplx.h">
      <Filter>src</Filter>
    </ClInclude>
    <ClInclude Include="..\parser\mpPackageCommon.h">
      <Filter>src</Filter>
    </ClInclude>
    <ClInclude Include="..\parser\mpPackageMatrix.h">
      <Filter>src</Filter>
    </ClInclude>
    <ClInclude Include="..\parser\mpPackageNonCmplx.h">
      <Filter>src</Filter>
    </ClInclude>
    <ClInclude Include="..\parser\mpPackageStr.h">
      <Filter>src</Filter>
    </ClInclude>
    <ClInclude Include="..\parser\mpPackageUnit.h">
      <Filter>src</Filter>
    </ClInclude>
    <ClInclude Include="..\parser\mpParser.h">
      <Filter>src</Filter>
    </ClInclude>
    <ClInclude Include="..\parser\mpParserBase.h">
      <Filter>src</Filter>
    </ClInclude>
    <ClInclude Include="..\parser\mpParserMessageProvider.h">
      <Filter>src</Filter>
    </ClInclude>
    <ClInclude Include="..\parser\mpRPN.h">
      <Filter>src</Filter>
    </ClInclude>
    <ClInclude Include="..\parser\mpScriptTokens.h">
      <Filter>src</Filter>
    </ClInclude>
    <ClInclude Include="..\parser\mpStack.h">
      <Filter>src</Filter>
    </ClInclude>
    <ClInclude Include="..\parser\mpTest.h">
      <Filter>src</Filter>
    </ClInclude>
    <ClInclude Include="..\parser\mpTokenReader.h">
      <Filter>src</Filter>
    </ClInclude>
    <ClInclude Include="..\parser\mpTypes.h">
      <Filter>src</Filter>
    </ClInclude>
    <ClInclude Include="..\parser\mpValReader.h">
      <Filter>src</Filter>
    </ClInclude>
    <ClInclude Include="..\parser\mpValue.h">
      <Filter>src</Filter>
    </ClInclude>
    <ClInclude Include="..\parser\mpValueCache.h">
      <Filter>src</Filter>
    </ClInclude>
    <ClInclude Include="..\parser\mpVariable.h">
      <Filter>src</Filter>
    </ClInclude>
    <ClInclude Include="..\parser\suSortPred.h">
      <Filter>src</Filter>
    </ClInclude>
    <ClInclude Include="..\parser\suStringTokens.h">
      <Filter>src</Filter>
    </ClInclude>
    <ClInclude Include="..\parser\utGeneric.h">
      <Filter>src</Filter>
    </ClInclude>
  </ItemGroup>
</Project>