
Microsoft Visual Studio Solution File, Format Version 12.00
# Visual Studio 15
VisualStudioVersion = 15.0.27428.2027
MinimumVisualStudioVersion = 10.0.40219.1
Project("{8BC9CEB8-8B4A-11D0-8D11-00A0C91BC942}") = "Example", "Example.vcxproj", "{C4A88471-C990-4913-A053-B81571845CA0}"
EndProject
Global
	GlobalSection(SolutionConfigurationPlatforms) = preSolution
		Debug|Win32 = Debug|Win32
		Debug|x64 = Debug|x64
		Debug|x86 = Debug|x86
		Release|Win32 = Release|Win32
		Release|x64 = Release|x64
		Release|x86 = Release|x86
	EndGlobalSection
	GlobalSection(ProjectConfigurationPlatforms) = postSolution
		{C4A88471-C990-4913-A053-B81571845CA0}.Debug|Win32.ActiveCfg = Debug|Win32
		{C4A88471-C990-4913-A053-B81571845CA0}.Debug|Win32.Build.0 = Debug|Win32
		{C4A88471-C990-4913-A053-B81571845CA0}.Debug|x64.ActiveCfg = Debug|x64
		{C4A88471-C990-4913-A053-B81571845CA0}.Debug|x64.Build.0 = Debug|x64
		{C4A88471-C990-4913-A053-B81571845CA0}.Debug|x86.ActiveCfg = Debug|Win32
		{C4A88471-C990-4913-A053-B81571845CA0}.Debug|x86.Build.0 = Debug|Win32
		{C4A88471-C990-4913-A053-B81571845CA0}.Release|Win32.ActiveCfg = Release|Win32
		{C4A88471-C990-4913-A053-B81571845CA0}.Release|Win32.Build.0 = Release|Win32
		{C4A88471-C990-4913-A053-B81571845CA0}.Release|x64.ActiveCfg = Release|x64
		{C4A88471-C990-4913-A053-B81571845CA0}.Release|x64.Build.0 = Release|x64
		{C4A88471-C990-4913-A053-B81571845CA0}.Release|x86.ActiveCfg = Release|Win32
		{C4A88471-C990-4913-A053-B81571845CA0}.Release|x86.Build.0 = Release|Win32
	EndGlobalSection
	GlobalSection(SolutionProperties) = preSolution
		HideSolutionNode = FALSE
	EndGlobalSection
	GlobalSection(ExtensibilityGlobals) = postSolution
		SolutionGuid = {36476F27-1E2F-4785-901C-8D26D4B48748}
	EndGlobalSection
EndGlobal
