<?xml version="1.0" encoding="utf-8"?>
<Project ToolsVersion="4.0" xmlns="http://schemas.microsoft.com/developer/msbuild/2003">
  <ItemGroup>
    <Filter Include="Source Files">
      <UniqueIdentifier>{4FC737F1-C7A5-4376-A066-2A32D752A2FF}</UniqueIdentifier>
      <Extensions>cpp;c;cc;cxx;def;odl;idl;hpj;bat;asm;asmx</Extensions>
    </Filter>
    <Filter Include="Source Files\muparserx">
      <UniqueIdentifier>{55d3c4f1-06a7-414b-82c9-3da5cbd839d7}</UniqueIdentifier>
    </Filter>
    <Filter Include="Source Files\muparserx\functions">
      <UniqueIdentifier>{05c2a7d9-4f90-4021-a114-eb47760bed30}</UniqueIdentifier>
    </Filter>
    <Filter Include="Source Files\muparserx\operators">
      <UniqueIdentifier>{6c0792e2-ae7d-4692-9d49-d24ed74fa626}</UniqueIdentifier>
    </Filter>
    <Filter Include="Source Files\muparserx\utils">
      <UniqueIdentifier>{f418ae4b-c726-4495-b223-857c842425d6}</UniqueIdentifier>
    </Filter>
    <Filter Include="Source Files\muparserx\framework">
      <UniqueIdentifier>{ef741b8b-2992-45b7-b38d-32a871155e1c}</UniqueIdentifier>
    </Filter>
    <Filter Include="Source Files\muparserx\packages">
      <UniqueIdentifier>{d06acfaf-55c0-4321-bbf8-c9cf9156643f}</UniqueIdentifier>
    </Filter>
    <Filter Include="Source Files\doc">
      <UniqueIdentifier>{985101ef-c44f-44ca-b1bd-2ae8809e0e63}</UniqueIdentifier>
    </Filter>
  </ItemGroup>
  <ItemGroup>
    <ClCompile Include="..\sample\example.cpp">
      <Filter>Source Files</Filter>
    </ClCompile>
    <ClCompile Include="..\sample\timer.cpp">
      <Filter>Source Files</Filter>
    </ClCompile>
    <ClCompile Include="..\parser\mpFuncCmplx.cpp">
      <Filter>Source Files\muparserx\functions</Filter>
    </ClCompile>
    <ClCompile Include="..\parser\mpFuncCommon.cpp">
      <Filter>Source Files\muparserx\functions</Filter>
    </ClCompile>
    <ClCompile Include="..\parser\mpFuncNonCmplx.cpp">
      <Filter>Source Files\muparserx\functions</Filter>
    </ClCompile>
    <ClCompile Include="..\parser\mpFuncStr.cpp">
      <Filter>Source Files\muparserx\functions</Filter>
    </ClCompile>
    <ClCompile Include="..\parser\mpOprtBinAssign.cpp">
      <Filter>Source Files\muparserx\operators</Filter>
    </ClCompile>
    <ClCompile Include="..\parser\mpOprtBinCommon.cpp">
      <Filter>Source Files\muparserx\operators</Filter>
    </ClCompile>
    <ClCompile Include="..\parser\mpOprtCmplx.cpp">
      <Filter>Source Files\muparserx\operators</Filter>
    </ClCompile>
    <ClCompile Include="..\parser\mpOprtNonCmplx.cpp">
      <Filter>Source Files\muparserx\operators</Filter>
    </ClCompile>
    <ClCompile Include="..\parser\mpError.cpp">
      <Filter>Source Files\muparserx\framework</Filter>
    </ClCompile>
    <ClCompile Include="..\parser\mpICallback.cpp">
      <Filter>Source Files\muparserx\framework</Filter>
    </ClCompile>
    <ClCompile Include="..\parser\mpIfThenElse.cpp">
      <Filter>Source Files\muparserx\framework</Filter>
    </ClCompile>
    <ClCompile Include="..\parser\mpIOprt.cpp">
      <Filter>Source Files\muparserx\framework</Filter>
    </ClCompile>
    <ClCompile Include="..\parser\mpIPackage.cpp">
      <Filter>Source Files\muparserx\framework</Filter>
    </ClCompile>
    <ClCompile Include="..\parser\mpIToken.cpp">
      <Filter>Source Files\muparserx\framework</Filter>
    </ClCompile>
    <ClCompile Include="..\parser\mpIValReader.cpp">
      <Filter>Source Files\muparserx\framework</Filter>
    </ClCompile>
    <ClCompile Include="..\parser\mpIValue.cpp">
      <Filter>Source Files\muparserx\framework</Filter>
    </ClCompile>
    <ClCompile Include="..\parser\mpParser.cpp">
      <Filter>Source Files\muparserx\framework</Filter>
    </ClCompile>
    <ClCompile Include="..\parser\mpParserBase.cpp">
      <Filter>Source Files\muparserx\framework</Filter>
    </ClCompile>
    <ClCompile Include="..\parser\mpRPN.cpp">
      <Filter>Source Files\muparserx\framework</Filter>
    </ClCompile>
    <ClCompile Include="..\parser\mpTest.cpp">
      <Filter>Source Files\muparserx\framework</Filter>
    </ClCompile>
    <ClCompile Include="..\parser\mpTokenReader.cpp">
      <Filter>Source Files\muparserx\framework</Filter>
    </ClCompile>
    <ClCompile Include="..\parser\mpValReader.cpp">
      <Filter>Source Files\muparserx\framework</Filter>
    </ClCompile>
    <ClCompile Include="..\parser\mpValue.cpp">
      <Filter>Source Files\muparserx\framework</Filter>
    </ClCompile>
    <ClCompile Include="..\parser\mpVariable.cpp">
      <Filter>Source Files\muparserx\framework</Filter>
    </ClCompile>
    <ClCompile Include="..\parser\mpPackageCmplx.cpp">
      <Filter>Source Files\muparserx\packages</Filter>
    </ClCompile>
    <ClCompile Include="..\parser\mpPackageCommon.cpp">
      <Filter>Source Files\muparserx\packages</Filter>
    </ClCompile>
    <ClCompile Include="..\parser\mpPackageNonCmplx.cpp">
      <Filter>Source Files\muparserx\packages</Filter>
    </ClCompile>
    <ClCompile Include="..\parser\mpPackageStr.cpp">
      <Filter>Source Files\muparserx\packages</Filter>
    </ClCompile>
    <ClCompile Include="..\parser\mpPackageUnit.cpp">
      <Filter>Source Files\muparserx\packages</Filter>
    </ClCompile>
    <ClCompile Include="..\doc\custom\calc.cpp">
      <Filter>Source Files\doc</Filter>
    </ClCompile>
    <ClCompile Include="..\parser\mpValueCache.cpp">
      <Filter>Source Files\muparserx\framework</Filter>
    </ClCompile>
    <ClCompile Include="..\parser\mpScriptTokens.cpp">
      <Filter>Source Files\muparserx\framework</Filter>
    </ClCompile>
  </ItemGroup>
  <ItemGroup>
    <ClInclude Include="stdafx.h">
      <Filter>Source Files</Filter>
    </ClInclude>
    <ClInclude Include="..\parser\mpFuncCmplx.h">
      <Filter>Source Files\muparserx\functions</Filter>
    </ClInclude>
    <ClInclude Include="..\parser\mpFuncCommon.h">
      <Filter>Source Files\muparserx\functions</Filter>
    </ClInclude>
    <ClInclude Include="..\parser\mpFuncNonCmplx.h">
      <Filter>Source Files\muparserx\functions</Filter>
    </ClInclude>
    <ClInclude Include="..\parser\mpFuncStr.h">
      <Filter>Source Files\muparserx\functions</Filter>
    </ClInclude>
    <ClInclude Include="..\parser\mpOprtBinAssign.h">
      <Filter>Source Files\muparserx\operators</Filter>
    </ClInclude>
    <ClInclude Include="..\parser\mpOprtBinCommon.h">
      <Filter>Source Files\muparserx\operators</Filter>
    </ClInclude>
    <ClInclude Include="..\parser\mpOprtCmplx.h">
      <Filter>Source Files\muparserx\operators</Filter>
    </ClInclude>
    <ClInclude Include="..\parser\mpOprtNonCmplx.h">
      <Filter>Source Files\muparserx\operators</Filter>
    </ClInclude>
    <ClInclude Include="..\parser\suSortPred.h">
      <Filter>Source Files\muparserx\utils</Filter>
    </ClInclude>
    <ClInclude Include="..\parser\utGeneric.h">
      <Filter>Source Files\muparserx\utils</Filter>
    </ClInclude>
    <ClInclude Include="..\parser\mpDefines.h">
      <Filter>Source Files\muparserx\framework</Filter>
    </ClInclude>
    <ClInclude Include="..\parser\mpError.h">
      <Filter>Source Files\muparserx\framework</Filter>
    </ClInclude>
    <ClInclude Include="..\parser\mpFwdDecl.h">
      <Filter>Source Files\muparserx\framework</Filter>
    </ClInclude>
    <ClInclude Include="..\parser\mpICallback.h">
      <Filter>Source Files\muparserx\framework</Filter>
    </ClInclude>
    <ClInclude Include="..\parser\mpIfThenElse.h">
      <Filter>Source Files\muparserx\framework</Filter>
    </ClInclude>
    <ClInclude Include="..\parser\mpIOprt.h">
      <Filter>Source Files\muparserx\framework</Filter>
    </ClInclude>
    <ClInclude Include="..\parser\mpIPackage.h">
      <Filter>Source Files\muparserx\framework</Filter>
    </ClInclude>
    <ClInclude Include="..\parser\mpIToken.h">
      <Filter>Source Files\muparserx\framework</Filter>
    </ClInclude>
    <ClInclude Include="..\parser\mpIValReader.h">
      <Filter>Source Files\muparserx\framework</Filter>
    </ClInclude>
    <ClInclude Include="..\parser\mpIValue.h">
      <Filter>Source Files\muparserx\framework</Filter>
    </ClInclude>
    <ClInclude Include="..\parser\mpParser.h">
      <Filter>Source Files\muparserx\framework</Filter>
    </ClInclude>
    <ClInclude Include="..\parser\mpParserBase.h">
      <Filter>Source Files\muparserx\framework</Filter>
    </ClInclude>
    <ClInclude Include="..\parser\mpRPN.h">
      <Filter>Source Files\muparserx\framework</Filter>
    </ClInclude>
    <ClInclude Include="..\parser\mpStack.h">
      <Filter>Source Files\muparserx\framework</Filter>
    </ClInclude>
    <ClInclude Include="..\parser\mpTest.h">
      <Filter>Source Files\muparserx\framework</Filter>
    </ClInclude>
    <ClInclude Include="..\parser\mpTokenReader.h">
      <Filter>Source Files\muparserx\framework</Filter>
    </ClInclude>
    <ClInclude Include="..\parser\mpTypes.h">
      <Filter>Source Files\muparserx\framework</Filter>
    </ClInclude>
    <ClInclude Include="..\parser\mpValReader.h">
      <Filter>Source Files\muparserx\framework</Filter>
    </ClInclude>
    <ClInclude Include="..\parser\mpValue.h">
      <Filter>Source Files\muparserx\framework</Filter>
    </ClInclude>
    <ClInclude Include="..\parser\mpVariable.h">
      <Filter>Source Files\muparserx\framework</Filter>
    </ClInclude>
    <ClInclude Include="..\parser\mpPackageCmplx.h">
      <Filter>Source Files\muparserx\packages</Filter>
    </ClInclude>
    <ClInclude Include="..\parser\mpPackageCommon.h">
      <Filter>Source Files\muparserx\packages</Filter>
    </ClInclude>
    <ClInclude Include="..\parser\mpPackageNonCmplx.h">
      <Filter>Source Files\muparserx\packages</Filter>
    </ClInclude>
    <ClInclude Include="..\parser\mpPackageStr.h">
      <Filter>Source Files\muparserx\packages</Filter>
    </ClInclude>
    <ClInclude Include="..\parser\mpPackageUnit.h">
      <Filter>Source Files\muparserx\packages</Filter>
    </ClInclude>
    <ClInclude Include="..\parser\mpValueCache.h">
      <Filter>Source Files\muparserx\framework</Filter>
    </ClInclude>
    <ClInclude Include="..\parser\mpScriptTokens.h">
      <Filter>Source Files\muparserx\framework</Filter>
    </ClInclude>
  </ItemGroup>
  <ItemGroup>
    <None Include="..\doc\custom\example.txt">
      <Filter>Source Files\doc</Filter>
    </None>
    <None Include="..\doc\custom\features.txt">
      <Filter>Source Files\doc</Filter>
    </None>
    <None Include="..\doc\custom\licence.txt">
      <Filter>Source Files\doc</Filter>
    </None>
    <None Include="..\doc\custom\Main.txt">
      <Filter>Source Files\doc</Filter>
    </None>
  </ItemGroup>
</Project>